
Microsoft Visual Studio Solution File, Format Version 12.00
# Visual Studio Version 17
VisualStudioVersion = 17.6.33723.286
MinimumVisualStudioVersion = 10.0.40219.1
Project("{2150E333-8FDC-42A3-9474-1A3956D46DE8}") = "Domain", "Domain", "{1DBE1998-2AEF-493A-B385-B8524DD5AEA9}"
EndProject
Project("{2150E333-8FDC-42A3-9474-1A3956D46DE8}") = "Infrastructure", "Infrastructure", "{AECC19CE-40F1-4A14-8C60-C049363AEF38}"
EndProject
Project("{2150E333-8FDC-42A3-9474-1A3956D46DE8}") = "Presentation", "Presentation", "{7F2ED1ED-B14D-4E40-BB00-5ED08F752E31}"
EndProject
Project("{2150E333-8FDC-42A3-9474-1A3956D46DE8}") = "Services", "Services", "{4882AD6D-6A97-4F7F-9D5B-43F4D399E9A8}"
EndProject
Project("{2150E333-8FDC-42A3-9474-1A3956D46DE8}") = "Utils", "Utils", "{3E58EA24-8453-49D8-8E7A-377BA40D5704}"
EndProject
Project("{9A19103F-16F7-4668-BE54-9A1E7A4F7556}") = "Lazar.Presentation.WebApi", "src\Lazar.Presentation.WebApi\Lazar.Presentation.WebApi.csproj", "{1F81596C-C8B7-4AC6-AB15-E78349FFACCD}"
EndProject
Project("{9A19103F-16F7-4668-BE54-9A1E7A4F7556}") = "CommonUtils", "src\CommonUtils\CommonUtils.csproj", "{4B42F61A-69A6-4C11-8A2E-0949964DBFE7}"
EndProject
Project("{9A19103F-16F7-4668-BE54-9A1E7A4F7556}") = "Lazar.Services", "src\Lazar.Services\Lazar.Services.csproj", "{FEE124CE-47CE-494A-BCF2-4A3ECC61DBD4}"
EndProject
Project("{9A19103F-16F7-4668-BE54-9A1E7A4F7556}") = "Lazar.Services.Contracts", "src\Lazar.Services.Contracts\Lazar.Services.Contracts.csproj", "{2E9B0E4F-99F0-444B-9244-4C0C2AAB51BB}"
EndProject
Project("{9A19103F-16F7-4668-BE54-9A1E7A4F7556}") = "Lazar.Srevices.Iterfaces", "src\Lazar.Srevices.Iterfaces\Lazar.Srevices.Iterfaces.csproj", "{05F2D96B-8F91-4F48-8BA6-6C06FF47AD02}"
EndProject
Project("{9A19103F-16F7-4668-BE54-9A1E7A4F7556}") = "Lazar.Infrastructure.Data.Ef", "src\Lazar.Infrastructure.Data.Ef\Lazar.Infrastructure.Data.Ef.csproj", "{D0F5A31B-A0E5-4288-8547-9C2B09D19652}"
EndProject
Project("{9A19103F-16F7-4668-BE54-9A1E7A4F7556}") = "Lazar.Infrastructure.JwtAuth", "src\Lazar.Infrastructure.JwtAuth\Lazar.Infrastructure.JwtAuth.csproj", "{83F68605-63B5-4DFA-B7B5-9D06E95FE931}"
EndProject
Project("{9A19103F-16F7-4668-BE54-9A1E7A4F7556}") = "Lazar.Infrastructure.Mapper", "src\Lazar.Infrastructure.Mapper\Lazar.Infrastructure.Mapper.csproj", "{EDFA3275-0863-4256-AD11-D6BE3D23EC82}"
EndProject
Project("{9A19103F-16F7-4668-BE54-9A1E7A4F7556}") = "Lazar.Domain.Core", "src\Lazar.Domain.Core\Lazar.Domain.Core.csproj", "{DCA7E316-075E-4749-AAD7-A9421AC30624}"
EndProject
Project("{9A19103F-16F7-4668-BE54-9A1E7A4F7556}") = "Lazar.Domain.Interfaces", "src\Lazar.Domain.Interfaces\Lazar.Domain.Interfaces.csproj", "{553E7248-D435-4754-AFA1-20177CE73725}"
EndProject
Global
	GlobalSection(SolutionConfigurationPlatforms) = preSolution
		Debug|Any CPU = Debug|Any CPU
		Release|Any CPU = Release|Any CPU
	EndGlobalSection
	GlobalSection(ProjectConfigurationPlatforms) = postSolution
		{1F81596C-C8B7-4AC6-AB15-E78349FFACCD}.Debug|Any CPU.ActiveCfg = Debug|Any CPU
		{1F81596C-C8B7-4AC6-AB15-E78349FFACCD}.Debug|Any CPU.Build.0 = Debug|Any CPU
		{1F81596C-C8B7-4AC6-AB15-E78349FFACCD}.Release|Any CPU.ActiveCfg = Release|Any CPU
		{1F81596C-C8B7-4AC6-AB15-E78349FFACCD}.Release|Any CPU.Build.0 = Release|Any CPU
		{4B42F61A-69A6-4C11-8A2E-0949964DBFE7}.Debug|Any CPU.ActiveCfg = Debug|Any CPU
		{4B42F61A-69A6-4C11-8A2E-0949964DBFE7}.Debug|Any CPU.Build.0 = Debug|Any CPU
		{4B42F61A-69A6-4C11-8A2E-0949964DBFE7}.Release|Any CPU.ActiveCfg = Release|Any CPU
		{4B42F61A-69A6-4C11-8A2E-0949964DBFE7}.Release|Any CPU.Build.0 = Release|Any CPU
		{FEE124CE-47CE-494A-BCF2-4A3ECC61DBD4}.Debug|Any CPU.ActiveCfg = Debug|Any CPU
		{FEE124CE-47CE-494A-BCF2-4A3ECC61DBD4}.Debug|Any CPU.Build.0 = Debug|Any CPU
		{FEE124CE-47CE-494A-BCF2-4A3ECC61DBD4}.Release|Any CPU.ActiveCfg = Release|Any CPU
		{FEE124CE-47CE-494A-BCF2-4A3ECC61DBD4}.Release|Any CPU.Build.0 = Release|Any CPU
		{2E9B0E4F-99F0-444B-9244-4C0C2AAB51BB}.Debug|Any CPU.ActiveCfg = Debug|Any CPU
		{2E9B0E4F-99F0-444B-9244-4C0C2AAB51BB}.Debug|Any CPU.Build.0 = Debug|Any CPU
		{2E9B0E4F-99F0-444B-9244-4C0C2AAB51BB}.Release|Any CPU.ActiveCfg = Release|Any CPU
		{2E9B0E4F-99F0-444B-9244-4C0C2AAB51BB}.Release|Any CPU.Build.0 = Release|Any CPU
		{05F2D96B-8F91-4F48-8BA6-6C06FF47AD02}.Debug|Any CPU.ActiveCfg = Debug|Any CPU
		{05F2D96B-8F91-4F48-8BA6-6C06FF47AD02}.Debug|Any CPU.Build.0 = Debug|Any CPU
		{05F2D96B-8F91-4F48-8BA6-6C06FF47AD02}.Release|Any CPU.ActiveCfg = Release|Any CPU
		{05F2D96B-8F91-4F48-8BA6-6C06FF47AD02}.Release|Any CPU.Build.0 = Release|Any CPU
		{D0F5A31B-A0E5-4288-8547-9C2B09D19652}.Debug|Any CPU.ActiveCfg = Debug|Any CPU
		{D0F5A31B-A0E5-4288-8547-9C2B09D19652}.Debug|Any CPU.Build.0 = Debug|Any CPU
		{D0F5A31B-A0E5-4288-8547-9C2B09D19652}.Release|Any CPU.ActiveCfg = Release|Any CPU
		{D0F5A31B-A0E5-4288-8547-9C2B09D19652}.Release|Any CPU.Build.0 = Release|Any CPU
		{83F68605-63B5-4DFA-B7B5-9D06E95FE931}.Debug|Any CPU.ActiveCfg = Debug|Any CPU
		{83F68605-63B5-4DFA-B7B5-9D06E95FE931}.Debug|Any CPU.Build.0 = Debug|Any CPU
		{83F68605-63B5-4DFA-B7B5-9D06E95FE931}.Release|Any CPU.ActiveCfg = Release|Any CPU
		{83F68605-63B5-4DFA-B7B5-9D06E95FE931}.Release|Any CPU.Build.0 = Release|Any CPU
		{EDFA3275-0863-4256-AD11-D6BE3D23EC82}.Debug|Any CPU.ActiveCfg = Debug|Any CPU
		{EDFA3275-0863-4256-AD11-D6BE3D23EC82}.Debug|Any CPU.Build.0 = Debug|Any CPU
		{EDFA3275-0863-4256-AD11-D6BE3D23EC82}.Release|Any CPU.ActiveCfg = Release|Any CPU
		{EDFA3275-0863-4256-AD11-D6BE3D23EC82}.Release|Any CPU.Build.0 = Release|Any CPU
		{DCA7E316-075E-4749-AAD7-A9421AC30624}.Debug|Any CPU.ActiveCfg = Debug|Any CPU
		{DCA7E316-075E-4749-AAD7-A9421AC30624}.Debug|Any CPU.Build.0 = Debug|Any CPU
		{DCA7E316-075E-4749-AAD7-A9421AC30624}.Release|Any CPU.ActiveCfg = Release|Any CPU
		{DCA7E316-075E-4749-AAD7-A9421AC30624}.Release|Any CPU.Build.0 = Release|Any CPU
		{553E7248-D435-4754-AFA1-20177CE73725}.Debug|Any CPU.ActiveCfg = Debug|Any CPU
		{553E7248-D435-4754-AFA1-20177CE73725}.Debug|Any CPU.Build.0 = Debug|Any CPU
		{553E7248-D435-4754-AFA1-20177CE73725}.Release|Any CPU.ActiveCfg = Release|Any CPU
		{553E7248-D435-4754-AFA1-20177CE73725}.Release|Any CPU.Build.0 = Release|Any CPU
	EndGlobalSection
	GlobalSection(SolutionProperties) = preSolution
		HideSolutionNode = FALSE
	EndGlobalSection
	GlobalSection(NestedProjects) = preSolution
		{1F81596C-C8B7-4AC6-AB15-E78349FFACCD} = {7F2ED1ED-B14D-4E40-BB00-5ED08F752E31}
		{4B42F61A-69A6-4C11-8A2E-0949964DBFE7} = {3E58EA24-8453-49D8-8E7A-377BA40D5704}
		{FEE124CE-47CE-494A-BCF2-4A3ECC61DBD4} = {4882AD6D-6A97-4F7F-9D5B-43F4D399E9A8}
		{2E9B0E4F-99F0-444B-9244-4C0C2AAB51BB} = {4882AD6D-6A97-4F7F-9D5B-43F4D399E9A8}
		{05F2D96B-8F91-4F48-8BA6-6C06FF47AD02} = {4882AD6D-6A97-4F7F-9D5B-43F4D399E9A8}
		{D0F5A31B-A0E5-4288-8547-9C2B09D19652} = {AECC19CE-40F1-4A14-8C60-C049363AEF38}
		{83F68605-63B5-4DFA-B7B5-9D06E95FE931} = {AECC19CE-40F1-4A14-8C60-C049363AEF38}
		{EDFA3275-0863-4256-AD11-D6BE3D23EC82} = {AECC19CE-40F1-4A14-8C60-C049363AEF38}
		{DCA7E316-075E-4749-AAD7-A9421AC30624} = {1DBE1998-2AEF-493A-B385-B8524DD5AEA9}
		{553E7248-D435-4754-AFA1-20177CE73725} = {1DBE1998-2AEF-493A-B385-B8524DD5AEA9}
	EndGlobalSection
	GlobalSection(ExtensibilityGlobals) = postSolution
		SolutionGuid = {21D888A8-2E35-4A43-B4AF-70DB7944605C}
	EndGlobalSection
EndGlobal
